
Microsoft Visual Studio Solution File, Format Version 12.00
# Visual Studio 14
VisualStudioVersion = 14.0.25420.1
MinimumVisualStudioVersion = 10.0.40219.1
Project("{FAE04EC0-301F-11D3-BF4B-00C04F79EFBC}") = "Naxam.CarouselView.Forms", "Naxam.CarouselView.Forms\Naxam.CarouselView.Forms.csproj", "{2F1E16E7-3F02-49B8-9CA2-8F7BB235A889}"
EndProject
Project("{FAE04EC0-301F-11D3-BF4B-00C04F79EFBC}") = "Naxam.CarouselView.Platform.Droid", "Naxam.CarouselView.Platform.Droid\Naxam.CarouselView.Platform.Droid.csproj", "{53B97179-A660-40E1-92ED-613A2D4BD789}"
EndProject
Project("{2150E333-8FDC-42A3-9474-1A3956D46DE8}") = "demo", "demo", "{C7D4ADAF-1624-4F90-A5CF-BD3E2936B174}"
EndProject
Project("{FAE04EC0-301F-11D3-BF4B-00C04F79EFBC}") = "CarouseViewQs", "demo\CarouseViewQs\CarouseViewQs.csproj", "{68B497D9-A353-43EF-BE6D-6D162C83843A}"
EndProject
Project("{FAE04EC0-301F-11D3-BF4B-00C04F79EFBC}") = "CarouseViewQs.iOS", "demo\iOS\CarouseViewQs.iOS.csproj", "{979436C0-93C3-4943-8B9D-5EF94ACDA468}"
EndProject
Project("{FAE04EC0-301F-11D3-BF4B-00C04F79EFBC}") = "CarouseViewQs.Droid", "demo\Droid\CarouseViewQs.Droid.csproj", "{341E3C61-103E-4E5E-96BC-898181229701}"
EndProject
Global
	GlobalSection(SolutionConfigurationPlatforms) = preSolution
		AppStore|Any CPU = AppStore|Any CPU
		AppStore|ARM = AppStore|ARM
		AppStore|iPhone = AppStore|iPhone
		AppStore|iPhoneSimulator = AppStore|iPhoneSimulator
		AppStore|x64 = AppStore|x64
		AppStore|x86 = AppStore|x86
		Debug|Any CPU = Debug|Any CPU
		Debug|ARM = Debug|ARM
		Debug|iPhone = Debug|iPhone
		Debug|iPhoneSimulator = Debug|iPhoneSimulator
		Debug|x64 = Debug|x64
		Debug|x86 = Debug|x86
		Release|Any CPU = Release|Any CPU
		Release|ARM = Release|ARM
		Release|iPhone = Release|iPhone
		Release|iPhoneSimulator = Release|iPhoneSimulator
		Release|x64 = Release|x64
		Release|x86 = Release|x86
	EndGlobalSection
	GlobalSection(ProjectConfigurationPlatforms) = postSolution
		{2F1E16E7-3F02-49B8-9CA2-8F7BB235A889}.AppStore|Any CPU.ActiveCfg = Debug|Any CPU
		{2F1E16E7-3F02-49B8-9CA2-8F7BB235A889}.AppStore|Any CPU.Build.0 = Debug|Any CPU
		{2F1E16E7-3F02-49B8-9CA2-8F7BB235A889}.AppStore|ARM.ActiveCfg = Debug|Any CPU
		{2F1E16E7-3F02-49B8-9CA2-8F7BB235A889}.AppStore|ARM.Build.0 = Debug|Any CPU
		{2F1E16E7-3F02-49B8-9CA2-8F7BB235A889}.AppStore|iPhone.ActiveCfg = Debug|Any CPU
		{2F1E16E7-3F02-49B8-9CA2-8F7BB235A889}.AppStore|iPhone.Build.0 = Debug|Any CPU
		{2F1E16E7-3F02-49B8-9CA2-8F7BB235A889}.AppStore|iPhoneSimulator.ActiveCfg = Debug|Any CPU
		{2F1E16E7-3F02-49B8-9CA2-8F7BB235A889}.AppStore|iPhoneSimulator.Build.0 = Debug|Any CPU
		{2F1E16E7-3F02-49B8-9CA2-8F7BB235A889}.AppStore|x64.ActiveCfg = Debug|Any CPU
		{2F1E16E7-3F02-49B8-9CA2-8F7BB235A889}.AppStore|x64.Build.0 = Debug|Any CPU
		{2F1E16E7-3F02-49B8-9CA2-8F7BB235A889}.AppStore|x86.ActiveCfg = Debug|Any CPU
		{2F1E16E7-3F02-49B8-9CA2-8F7BB235A889}.AppStore|x86.Build.0 = Debug|Any CPU
		{2F1E16E7-3F02-49B8-9CA2-8F7BB235A889}.Debug|Any CPU.ActiveCfg = Debug|Any CPU
		{2F1E16E7-3F02-49B8-9CA2-8F7BB235A889}.Debug|Any CPU.Build.0 = Debug|Any CPU
		{2F1E16E7-3F02-49B8-9CA2-8F7BB235A889}.Debug|ARM.ActiveCfg = Debug|Any CPU
		{2F1E16E7-3F02-49B8-9CA2-8F7BB235A889}.Debug|ARM.Build.0 = Debug|Any CPU
		{2F1E16E7-3F02-49B8-9CA2-8F7BB235A889}.Debug|iPhone.ActiveCfg = Debug|Any CPU
		{2F1E16E7-3F02-49B8-9CA2-8F7BB235A889}.Debug|iPhone.Build.0 = Debug|Any CPU
		{2F1E16E7-3F02-49B8-9CA2-8F7BB235A889}.Debug|iPhoneSimulator.ActiveCfg = Debug|Any CPU
		{2F1E16E7-3F02-49B8-9CA2-8F7BB235A889}.Debug|iPhoneSimulator.Build.0 = Debug|Any CPU
		{2F1E16E7-3F02-49B8-9CA2-8F7BB235A889}.Debug|x64.ActiveCfg = Debug|Any CPU
		{2F1E16E7-3F02-49B8-9CA2-8F7BB235A889}.Debug|x64.Build.0 = Debug|Any CPU
		{2F1E16E7-3F02-49B8-9CA2-8F7BB235A889}.Debug|x86.ActiveCfg = Debug|Any CPU
		{2F1E16E7-3F02-49B8-9CA2-8F7BB235A889}.Debug|x86.Build.0 = Debug|Any CPU
		{2F1E16E7-3F02-49B8-9CA2-8F7BB235A889}.Release|Any CPU.ActiveCfg = Release|Any CPU
		{2F1E16E7-3F02-49B8-9CA2-8F7BB235A889}.Release|Any CPU.Build.0 = Release|Any CPU
		{2F1E16E7-3F02-49B8-9CA2-8F7BB235A889}.Release|ARM.ActiveCfg = Release|Any CPU
		{2F1E16E7-3F02-49B8-9CA2-8F7BB235A889}.Release|ARM.Build.0 = Release|Any CPU
		{2F1E16E7-3F02-49B8-9CA2-8F7BB235A889}.Release|iPhone.ActiveCfg = Release|Any CPU
		{2F1E16E7-3F02-49B8-9CA2-8F7BB235A889}.Release|iPhone.Build.0 = Release|Any CPU
		{2F1E16E7-3F02-49B8-9CA2-8F7BB235A889}.Release|iPhoneSimulator.ActiveCfg = Release|Any CPU
		{2F1E16E7-3F02-49B8-9CA2-8F7BB235A889}.Release|iPhoneSimulator.Build.0 = Release|Any CPU
		{2F1E16E7-3F02-49B8-9CA2-8F7BB235A889}.Release|x64.ActiveCfg = Release|Any CPU
		{2F1E16E7-3F02-49B8-9CA2-8F7BB235A889}.Release|x64.Build.0 = Release|Any CPU
		{2F1E16E7-3F02-49B8-9CA2-8F7BB235A889}.Release|x86.ActiveCfg = Release|Any CPU
		{2F1E16E7-3F02-49B8-9CA2-8F7BB235A889}.Release|x86.Build.0 = Release|Any CPU
		{53B97179-A660-40E1-92ED-613A2D4BD789}.AppStore|Any CPU.ActiveCfg = Debug|Any CPU
		{53B97179-A660-40E1-92ED-613A2D4BD789}.AppStore|Any CPU.Build.0 = Debug|Any CPU
		{53B97179-A660-40E1-92ED-613A2D4BD789}.AppStore|ARM.ActiveCfg = Debug|Any CPU
		{53B97179-A660-40E1-92ED-613A2D4BD789}.AppStore|ARM.Build.0 = Debug|Any CPU
		{53B97179-A660-40E1-92ED-613A2D4BD789}.AppStore|iPhone.ActiveCfg = Debug|Any CPU
		{53B97179-A660-40E1-92ED-613A2D4BD789}.AppStore|iPhone.Build.0 = Debug|Any CPU
		{53B97179-A660-40E1-92ED-613A2D4BD789}.AppStore|iPhoneSimulator.ActiveCfg = Debug|Any CPU
		{53B97179-A660-40E1-92ED-613A2D4BD789}.AppStore|iPhoneSimulator.Build.0 = Debug|Any CPU
		{53B97179-A660-40E1-92ED-613A2D4BD789}.AppStore|x64.ActiveCfg = Debug|Any CPU
		{53B97179-A660-40E1-92ED-613A2D4BD789}.AppStore|x64.Build.0 = Debug|Any CPU
		{53B97179-A660-40E1-92ED-613A2D4BD789}.AppStore|x86.ActiveCfg = Debug|Any CPU
		{53B97179-A660-40E1-92ED-613A2D4BD789}.AppStore|x86.Build.0 = Debug|Any CPU
		{53B97179-A660-40E1-92ED-613A2D4BD789}.Debug|Any CPU.ActiveCfg = Debug|Any CPU
		{53B97179-A660-40E1-92ED-613A2D4BD789}.Debug|Any CPU.Build.0 = Debug|Any CPU
		{53B97179-A660-40E1-92ED-613A2D4BD789}.Debug|ARM.ActiveCfg = Debug|Any CPU
		{53B97179-A660-40E1-92ED-613A2D4BD789}.Debug|ARM.Build.0 = Debug|Any CPU
		{53B97179-A660-40E1-92ED-613A2D4BD789}.Debug|iPhone.ActiveCfg = Debug|Any CPU
		{53B97179-A660-40E1-92ED-613A2D4BD789}.Debug|iPhone.Build.0 = Debug|Any CPU
		{53B97179-A660-40E1-92ED-613A2D4BD789}.Debug|iPhoneSimulator.ActiveCfg = Debug|Any CPU
		{53B97179-A660-40E1-92ED-613A2D4BD789}.Debug|iPhoneSimulator.Build.0 = Debug|Any CPU
		{53B97179-A660-40E1-92ED-613A2D4BD789}.Debug|x64.ActiveCfg = Debug|Any CPU
		{53B97179-A660-40E1-92ED-613A2D4BD789}.Debug|x64.Build.0 = Debug|Any CPU
		{53B97179-A660-40E1-92ED-613A2D4BD789}.Debug|x86.ActiveCfg = Debug|Any CPU
		{53B97179-A660-40E1-92ED-613A2D4BD789}.Debug|x86.Build.0 = Debug|Any CPU
		{53B97179-A660-40E1-92ED-613A2D4BD789}.Release|Any CPU.ActiveCfg = Release|Any CPU
		{53B97179-A660-40E1-92ED-613A2D4BD789}.Release|Any CPU.Build.0 = Release|Any CPU
		{53B97179-A660-40E1-92ED-613A2D4BD789}.Release|ARM.ActiveCfg = Release|Any CPU
		{53B97179-A660-40E1-92ED-613A2D4BD789}.Release|ARM.Build.0 = Release|Any CPU
		{53B97179-A660-40E1-92ED-613A2D4BD789}.Release|iPhone.ActiveCfg = Release|Any CPU
		{53B97179-A660-40E1-92ED-613A2D4BD789}.Release|iPhone.Build.0 = Release|Any CPU
		{53B97179-A660-40E1-92ED-613A2D4BD789}.Release|iPhoneSimulator.ActiveCfg = Release|Any CPU
		{53B97179-A660-40E1-92ED-613A2D4BD789}.Release|iPhoneSimulator.Build.0 = Release|Any CPU
		{53B97179-A660-40E1-92ED-613A2D4BD789}.Release|x64.ActiveCfg = Release|Any CPU
		{53B97179-A660-40E1-92ED-613A2D4BD789}.Release|x64.Build.0 = Release|Any CPU
		{53B97179-A660-40E1-92ED-613A2D4BD789}.Release|x86.ActiveCfg = Release|Any CPU
		{53B97179-A660-40E1-92ED-613A2D4BD789}.Release|x86.Build.0 = Release|Any CPU
		{68B497D9-A353-43EF-BE6D-6D162C83843A}.AppStore|Any CPU.ActiveCfg = Debug|Any CPU
		{68B497D9-A353-43EF-BE6D-6D162C83843A}.AppStore|Any CPU.Build.0 = Debug|Any CPU
		{68B497D9-A353-43EF-BE6D-6D162C83843A}.AppStore|ARM.ActiveCfg = Debug|Any CPU
		{68B497D9-A353-43EF-BE6D-6D162C83843A}.AppStore|ARM.Build.0 = Debug|Any CPU
		{68B497D9-A353-43EF-BE6D-6D162C83843A}.AppStore|iPhone.ActiveCfg = Debug|Any CPU
		{68B497D9-A353-43EF-BE6D-6D162C83843A}.AppStore|iPhone.Build.0 = Debug|Any CPU
		{68B497D9-A353-43EF-BE6D-6D162C83843A}.AppStore|iPhoneSimulator.ActiveCfg = Debug|Any CPU
		{68B497D9-A353-43EF-BE6D-6D162C83843A}.AppStore|iPhoneSimulator.Build.0 = Debug|Any CPU
		{68B497D9-A353-43EF-BE6D-6D162C83843A}.AppStore|x64.ActiveCfg = Debug|Any CPU
		{68B497D9-A353-43EF-BE6D-6D162C83843A}.AppStore|x64.Build.0 = Debug|Any CPU
		{68B497D9-A353-43EF-BE6D-6D162C83843A}.AppStore|x86.ActiveCfg = Debug|Any CPU
		{68B497D9-A353-43EF-BE6D-6D162C83843A}.AppStore|x86.Build.0 = Debug|Any CPU
		{68B497D9-A353-43EF-BE6D-6D162C83843A}.Debug|Any CPU.ActiveCfg = Debug|Any CPU
		{68B497D9-A353-43EF-BE6D-6D162C83843A}.Debug|Any CPU.Build.0 = Debug|Any CPU
		{68B497D9-A353-43EF-BE6D-6D162C83843A}.Debug|ARM.ActiveCfg = Debug|Any CPU
		{68B497D9-A353-43EF-BE6D-6D162C83843A}.Debug|ARM.Build.0 = Debug|Any CPU
		{68B497D9-A353-43EF-BE6D-6D162C83843A}.Debug|iPhone.ActiveCfg = Debug|Any CPU
		{68B497D9-A353-43EF-BE6D-6D162C83843A}.Debug|iPhone.Build.0 = Debug|Any CPU
		{68B497D9-A353-43EF-BE6D-6D162C83843A}.Debug|iPhoneSimulator.ActiveCfg = Debug|Any CPU
		{68B497D9-A353-43EF-BE6D-6D162C83843A}.Debug|iPhoneSimulator.Build.0 = Debug|Any CPU
		{68B497D9-A353-43EF-BE6D-6D162C83843A}.Debug|x64.ActiveCfg = Debug|Any CPU
		{68B497D9-A353-43EF-BE6D-6D162C83843A}.Debug|x64.Build.0 = Debug|Any CPU
		{68B497D9-A353-43EF-BE6D-6D162C83843A}.Debug|x86.ActiveCfg = Debug|Any CPU
		{68B497D9-A353-43EF-BE6D-6D162C83843A}.Debug|x86.Build.0 = Debug|Any CPU
		{68B497D9-A353-43EF-BE6D-6D162C83843A}.Release|Any CPU.ActiveCfg = Release|Any CPU
		{68B497D9-A353-43EF-BE6D-6D162C83843A}.Release|Any CPU.Build.0 = Release|Any CPU
		{68B497D9-A353-43EF-BE6D-6D162C83843A}.Release|ARM.ActiveCfg = Release|Any CPU
		{68B497D9-A353-43EF-BE6D-6D162C83843A}.Release|ARM.Build.0 = Release|Any CPU
		{68B497D9-A353-43EF-BE6D-6D162C83843A}.Release|iPhone.ActiveCfg = Release|Any CPU
		{68B497D9-A353-43EF-BE6D-6D162C83843A}.Release|iPhone.Build.0 = Release|Any CPU
		{68B497D9-A353-43EF-BE6D-6D162C83843A}.Release|iPhoneSimulator.ActiveCfg = Release|Any CPU
		{68B497D9-A353-43EF-BE6D-6D162C83843A}.Release|iPhoneSimulator.Build.0 = Release|Any CPU
		{68B497D9-A353-43EF-BE6D-6D162C83843A}.Release|x64.ActiveCfg = Release|Any CPU
		{68B497D9-A353-43EF-BE6D-6D162C83843A}.Release|x64.Build.0 = Release|Any CPU
		{68B497D9-A353-43EF-BE6D-6D162C83843A}.Release|x86.ActiveCfg = Release|Any CPU
		{68B497D9-A353-43EF-BE6D-6D162C83843A}.Release|x86.Build.0 = Release|Any CPU
		{979436C0-93C3-4943-8B9D-5EF94ACDA468}.AppStore|Any CPU.ActiveCfg = Debug|iPhoneSimulator
		{979436C0-93C3-4943-8B9D-5EF94ACDA468}.AppStore|Any CPU.Build.0 = Debug|iPhoneSimulator
		{979436C0-93C3-4943-8B9D-5EF94ACDA468}.AppStore|ARM.ActiveCfg = Debug|iPhoneSimulator
		{979436C0-93C3-4943-8B9D-5EF94ACDA468}.AppStore|ARM.Build.0 = Debug|iPhoneSimulator
		{979436C0-93C3-4943-8B9D-5EF94ACDA468}.AppStore|iPhone.ActiveCfg = Release|iPhone
		{979436C0-93C3-4943-8B9D-5EF94ACDA468}.AppStore|iPhone.Build.0 = Release|iPhone
		{979436C0-93C3-4943-8B9D-5EF94ACDA468}.AppStore|iPhoneSimulator.ActiveCfg = Debug|iPhoneSimulator
		{979436C0-93C3-4943-8B9D-5EF94ACDA468}.AppStore|iPhoneSimulator.Build.0 = Debug|iPhoneSimulator
		{979436C0-93C3-4943-8B9D-5EF94ACDA468}.AppStore|x64.ActiveCfg = Debug|iPhoneSimulator
		{979436C0-93C3-4943-8B9D-5EF94ACDA468}.AppStore|x64.Build.0 = Debug|iPhoneSimulator
		{979436C0-93C3-4943-8B9D-5EF94ACDA468}.AppStore|x86.ActiveCfg = Debug|iPhoneSimulator
		{979436C0-93C3-4943-8B9D-5EF94ACDA468}.AppStore|x86.Build.0 = Debug|iPhoneSimulator
		{979436C0-93C3-4943-8B9D-5EF94ACDA468}.Debug|Any CPU.ActiveCfg = Debug|iPhoneSimulator
		{979436C0-93C3-4943-8B9D-5EF94ACDA468}.Debug|Any CPU.Build.0 = Debug|iPhoneSimulator
		{979436C0-93C3-4943-8B9D-5EF94ACDA468}.Debug|ARM.ActiveCfg = Debug|iPhoneSimulator
		{979436C0-93C3-4943-8B9D-5EF94ACDA468}.Debug|ARM.Build.0 = Debug|iPhoneSimulator
		{979436C0-93C3-4943-8B9D-5EF94ACDA468}.Debug|iPhone.ActiveCfg = Debug|iPhone
		{979436C0-93C3-4943-8B9D-5EF94ACDA468}.Debug|iPhone.Build.0 = Debug|iPhone
		{979436C0-93C3-4943-8B9D-5EF94ACDA468}.Debug|iPhoneSimulator.ActiveCfg = Debug|iPhoneSimulator
		{979436C0-93C3-4943-8B9D-5EF94ACDA468}.Debug|iPhoneSimulator.Build.0 = Debug|iPhoneSimulator
		{979436C0-93C3-4943-8B9D-5EF94ACDA468}.Debug|x64.ActiveCfg = Debug|iPhoneSimulator
		{979436C0-93C3-4943-8B9D-5EF94ACDA468}.Debug|x64.Build.0 = Debug|iPhoneSimulator
		{979436C0-93C3-4943-8B9D-5EF94ACDA468}.Debug|x86.ActiveCfg = Debug|iPhoneSimulator
		{979436C0-93C3-4943-8B9D-5EF94ACDA468}.Debug|x86.Build.0 = Debug|iPhoneSimulator
		{979436C0-93C3-4943-8B9D-5EF94ACDA468}.Release|Any CPU.ActiveCfg = Release|iPhone
		{979436C0-93C3-4943-8B9D-5EF94ACDA468}.Release|Any CPU.Build.0 = Release|iPhone
		{979436C0-93C3-4943-8B9D-5EF94ACDA468}.Release|ARM.ActiveCfg = Release|iPhone
		{979436C0-93C3-4943-8B9D-5EF94ACDA468}.Release|ARM.Build.0 = Release|iPhone
		{979436C0-93C3-4943-8B9D-5EF94ACDA468}.Release|iPhone.ActiveCfg = Release|iPhone
		{979436C0-93C3-4943-8B9D-5EF94ACDA468}.Release|iPhone.Build.0 = Release|iPhone
		{979436C0-93C3-4943-8B9D-5EF94ACDA468}.Release|iPhoneSimulator.ActiveCfg = Release|iPhoneSimulator
		{979436C0-93C3-4943-8B9D-5EF94ACDA468}.Release|iPhoneSimulator.Build.0 = Release|iPhoneSimulator
		{979436C0-93C3-4943-8B9D-5EF94ACDA468}.Release|x64.ActiveCfg = Release|iPhone
		{979436C0-93C3-4943-8B9D-5EF94ACDA468}.Release|x64.Build.0 = Release|iPhone
		{979436C0-93C3-4943-8B9D-5EF94ACDA468}.Release|x86.ActiveCfg = Release|iPhone
		{979436C0-93C3-4943-8B9D-5EF94ACDA468}.Release|x86.Build.0 = Release|iPhone
		{341E3C61-103E-4E5E-96BC-898181229701}.AppStore|Any CPU.ActiveCfg = Debug|Any CPU
		{341E3C61-103E-4E5E-96BC-898181229701}.AppStore|Any CPU.Build.0 = Debug|Any CPU
		{341E3C61-103E-4E5E-96BC-898181229701}.AppStore|ARM.ActiveCfg = Debug|Any CPU
		{341E3C61-103E-4E5E-96BC-898181229701}.AppStore|ARM.Build.0 = Debug|Any CPU
		{341E3C61-103E-4E5E-96BC-898181229701}.AppStore|iPhone.ActiveCfg = Debug|Any CPU
		{341E3C61-103E-4E5E-96BC-898181229701}.AppStore|iPhone.Build.0 = Debug|Any CPU
		{341E3C61-103E-4E5E-96BC-898181229701}.AppStore|iPhoneSimulator.ActiveCfg = Debug|Any CPU
		{341E3C61-103E-4E5E-96BC-898181229701}.AppStore|iPhoneSimulator.Build.0 = Debug|Any CPU
		{341E3C61-103E-4E5E-96BC-898181229701}.AppStore|x64.ActiveCfg = Debug|Any CPU
		{341E3C61-103E-4E5E-96BC-898181229701}.AppStore|x64.Build.0 = Debug|Any CPU
		{341E3C61-103E-4E5E-96BC-898181229701}.AppStore|x86.ActiveCfg = Debug|Any CPU
		{341E3C61-103E-4E5E-96BC-898181229701}.AppStore|x86.Build.0 = Debug|Any CPU
		{341E3C61-103E-4E5E-96BC-898181229701}.Debug|Any CPU.ActiveCfg = Debug|Any CPU
		{341E3C61-103E-4E5E-96BC-898181229701}.Debug|Any CPU.Build.0 = Debug|Any CPU
		{341E3C61-103E-4E5E-96BC-898181229701}.Debug|ARM.ActiveCfg = Debug|Any CPU
		{341E3C61-103E-4E5E-96BC-898181229701}.Debug|ARM.Build.0 = Debug|Any CPU
		{341E3C61-103E-4E5E-96BC-898181229701}.Debug|iPhone.ActiveCfg = Debug|Any CPU
		{341E3C61-103E-4E5E-96BC-898181229701}.Debug|iPhone.Build.0 = Debug|Any CPU
		{341E3C61-103E-4E5E-96BC-898181229701}.Debug|iPhoneSimulator.ActiveCfg = Debug|Any CPU
		{341E3C61-103E-4E5E-96BC-898181229701}.Debug|iPhoneSimulator.Build.0 = Debug|Any CPU
		{341E3C61-103E-4E5E-96BC-898181229701}.Debug|x64.ActiveCfg = Debug|Any CPU
		{341E3C61-103E-4E5E-96BC-898181229701}.Debug|x64.Build.0 = Debug|Any CPU
		{341E3C61-103E-4E5E-96BC-898181229701}.Debug|x86.ActiveCfg = Debug|Any CPU
		{341E3C61-103E-4E5E-96BC-898181229701}.Debug|x86.Build.0 = Debug|Any CPU
		{341E3C61-103E-4E5E-96BC-898181229701}.Release|Any CPU.ActiveCfg = Release|Any CPU
		{341E3C61-103E-4E5E-96BC-898181229701}.Release|Any CPU.Build.0 = Release|Any CPU
		{341E3C61-103E-4E5E-96BC-898181229701}.Release|ARM.ActiveCfg = Release|Any CPU
		{341E3C61-103E-4E5E-96BC-898181229701}.Release|ARM.Build.0 = Release|Any CPU
		{341E3C61-103E-4E5E-96BC-898181229701}.Release|iPhone.ActiveCfg = Release|Any CPU
		{341E3C61-103E-4E5E-96BC-898181229701}.Release|iPhone.Build.0 = Release|Any CPU
		{341E3C61-103E-4E5E-96BC-898181229701}.Release|iPhoneSimulator.ActiveCfg = Release|Any CPU
		{341E3C61-103E-4E5E-96BC-898181229701}.Release|iPhoneSimulator.Build.0 = Release|Any CPU
		{341E3C61-103E-4E5E-96BC-898181229701}.Release|x64.ActiveCfg = Release|Any CPU
		{341E3C61-103E-4E5E-96BC-898181229701}.Release|x64.Build.0 = Release|Any CPU
		{341E3C61-103E-4E5E-96BC-898181229701}.Release|x86.ActiveCfg = Release|Any CPU
		{341E3C61-103E-4E5E-96BC-898181229701}.Release|x86.Build.0 = Release|Any CPU
	EndGlobalSection
	GlobalSection(SolutionProperties) = preSolution
		HideSolutionNode = FALSE
	EndGlobalSection
	GlobalSection(MonoDevelopProperties) = preSolution
		version = 3.1.1
	EndGlobalSection
	GlobalSection(NestedProjects) = preSolution
		{68B497D9-A353-43EF-BE6D-6D162C83843A} = {C7D4ADAF-1624-4F90-A5CF-BD3E2936B174}
		{979436C0-93C3-4943-8B9D-5EF94ACDA468} = {C7D4ADAF-1624-4F90-A5CF-BD3E2936B174}
		{341E3C61-103E-4E5E-96BC-898181229701} = {C7D4ADAF-1624-4F90-A5CF-BD3E2936B174}
	EndGlobalSection
EndGlobal
